
Microsoft Visual Studio Solution File, Format Version 12.00
# Visual Studio Version 17
VisualStudioVersion = 17.9.34616.47
MinimumVisualStudioVersion = 10.0.40219.1
Project("{9A19103F-16F7-4668-BE54-9A1E7A4F7556}") = "TestAppToPracticeDotNet", "TestAppToPracticeDotNet\TestAppToPracticeDotNet.csproj", "{28B1DA05-0FBB-43D1-9927-9E86D8E3AE5E}"
EndProject
Project("{9A19103F-16F7-4668-BE54-9A1E7A4F7556}") = "DRYDemoLib", "DRYDemoLib\DRYDemoLib.csproj", "{F414C1E7-DE98-44E3-A0DE-F1CFC7254772}"
EndProject
Project("{9A19103F-16F7-4668-BE54-9A1E7A4F7556}") = "EmployeeCreator", "EmployeeCreator\EmployeeCreator.csproj", "{88A5233E-D4EE-42AC-A3A4-E08BCA30B95C}"
EndProject
Project("{FAE04EC0-301F-11D3-BF4B-00C04F79EFBC}") = "DesignPatterns", "Design Patterns\DesignPatterns.csproj", "{AE48E407-5B59-489F-B450-801620E6B5AD}"
EndProject
Global
	GlobalSection(SolutionConfigurationPlatforms) = preSolution
		Debug|Any CPU = Debug|Any CPU
		Release|Any CPU = Release|Any CPU
	EndGlobalSection
	GlobalSection(ProjectConfigurationPlatforms) = postSolution
		{28B1DA05-0FBB-43D1-9927-9E86D8E3AE5E}.Debug|Any CPU.ActiveCfg = Debug|Any CPU
		{28B1DA05-0FBB-43D1-9927-9E86D8E3AE5E}.Debug|Any CPU.Build.0 = Debug|Any CPU
		{28B1DA05-0FBB-43D1-9927-9E86D8E3AE5E}.Release|Any CPU.ActiveCfg = Release|Any CPU
		{28B1DA05-0FBB-43D1-9927-9E86D8E3AE5E}.Release|Any CPU.Build.0 = Release|Any CPU
		{F414C1E7-DE98-44E3-A0DE-F1CFC7254772}.Debug|Any CPU.ActiveCfg = Debug|Any CPU
		{F414C1E7-DE98-44E3-A0DE-F1CFC7254772}.Debug|Any CPU.Build.0 = Debug|Any CPU
		{F414C1E7-DE98-44E3-A0DE-F1CFC7254772}.Release|Any CPU.ActiveCfg = Release|Any CPU
		{F414C1E7-DE98-44E3-A0DE-F1CFC7254772}.Release|Any CPU.Build.0 = Release|Any CPU
		{88A5233E-D4EE-42AC-A3A4-E08BCA30B95C}.Debug|Any CPU.ActiveCfg = Debug|Any CPU
		{88A5233E-D4EE-42AC-A3A4-E08BCA30B95C}.Debug|Any CPU.Build.0 = Debug|Any CPU
		{88A5233E-D4EE-42AC-A3A4-E08BCA30B95C}.Release|Any CPU.ActiveCfg = Release|Any CPU
		{88A5233E-D4EE-42AC-A3A4-E08BCA30B95C}.Release|Any CPU.Build.0 = Release|Any CPU
		{AE48E407-5B59-489F-B450-801620E6B5AD}.Debug|Any CPU.ActiveCfg = Debug|Any CPU
		{AE48E407-5B59-489F-B450-801620E6B5AD}.Debug|Any CPU.Build.0 = Debug|Any CPU
		{AE48E407-5B59-489F-B450-801620E6B5AD}.Release|Any CPU.ActiveCfg = Release|Any CPU
		{AE48E407-5B59-489F-B450-801620E6B5AD}.Release|Any CPU.Build.0 = Release|Any CPU
	EndGlobalSection
	GlobalSection(SolutionProperties) = preSolution
		HideSolutionNode = FALSE
	EndGlobalSection
	GlobalSection(ExtensibilityGlobals) = postSolution
		SolutionGuid = {A4B9ADFA-3AC9-40B5-BE45-583D6341A325}
	EndGlobalSection
EndGlobal
